
Microsoft Visual Studio Solution File, Format Version 12.00
# Visual Studio Version 17
VisualStudioVersion = 17.8.34309.116
MinimumVisualStudioVersion = 10.0.40219.1
Project("{FAE04EC0-301F-11D3-BF4B-00C04F79EFBC}") = "Project", "Project\Project.csproj", "{C29E7A9D-E26F-46F9-830D-AA480A3F21FD}"
EndProject
Global
	GlobalSection(SolutionConfigurationPlatforms) = preSolution
		Debug|Any CPU = Debug|Any CPU
		Release|Any CPU = Release|Any CPU
	EndGlobalSection
	GlobalSection(ProjectConfigurationPlatforms) = postSolution
		{C29E7A9D-E26F-46F9-830D-AA480A3F21FD}.Debug|Any CPU.ActiveCfg = Debug|Any CPU
		{C29E7A9D-E26F-46F9-830D-AA480A3F21FD}.Debug|Any CPU.Build.0 = Debug|Any CPU
		{C29E7A9D-E26F-46F9-830D-AA480A3F21FD}.Release|Any CPU.ActiveCfg = Release|Any CPU
		{C29E7A9D-E26F-46F9-830D-AA480A3F21FD}.Release|Any CPU.Build.0 = Release|Any CPU
	EndGlobalSection
	GlobalSection(SolutionProperties) = preSolution
		HideSolutionNode = FALSE
	EndGlobalSection
	GlobalSection(ExtensibilityGlobals) = postSolution
		SolutionGuid = {624932C7-6B32-4316-A575-C1CC4551E785}
	EndGlobalSection
EndGlobal
